
Microsoft Visual Studio Solution File, Format Version 12.00
# Visual Studio 2012
Project("{F2A71F9B-5D33-465A-A702-920D77279786}") = "WellFormed2", "WellFormed2\WellFormed2.fsproj", "{BF512E81-F5AF-4B9A-8E2C-189CCFA5AFA8}"
EndProject
Project("{2150E333-8FDC-42A3-9474-1A3956D46DE8}") = "WellFormed Libs", "WellFormed Libs", "{6FFA70A5-D043-4277-90A4-F8B0CC4F140D}"
EndProject
Project("{F2A71F9B-5D33-465A-A702-920D77279786}") = "WellFormed2.Core", "WellFormed2.Core\WellFormed2.Core.fsproj", "{EB6A12B4-31E7-4D8A-92C9-EC246CDC37BD}"
EndProject
Project("{FAE04EC0-301F-11D3-BF4B-00C04F79EFBC}") = "WellFormed2.WPF", "WellFormed2.WPF\WellFormed2.WPF.csproj", "{5EC90FFE-6C46-425A-A20B-79A329776C99}"
EndProject
Global
	GlobalSection(SolutionConfigurationPlatforms) = preSolution
		Debug|Any CPU = Debug|Any CPU
		Release|Any CPU = Release|Any CPU
	EndGlobalSection
	GlobalSection(ProjectConfigurationPlatforms) = postSolution
		{BF512E81-F5AF-4B9A-8E2C-189CCFA5AFA8}.Debug|Any CPU.ActiveCfg = Debug|Any CPU
		{BF512E81-F5AF-4B9A-8E2C-189CCFA5AFA8}.Debug|Any CPU.Build.0 = Debug|Any CPU
		{BF512E81-F5AF-4B9A-8E2C-189CCFA5AFA8}.Release|Any CPU.ActiveCfg = Release|Any CPU
		{BF512E81-F5AF-4B9A-8E2C-189CCFA5AFA8}.Release|Any CPU.Build.0 = Release|Any CPU
		{EB6A12B4-31E7-4D8A-92C9-EC246CDC37BD}.Debug|Any CPU.ActiveCfg = Debug|Any CPU
		{EB6A12B4-31E7-4D8A-92C9-EC246CDC37BD}.Debug|Any CPU.Build.0 = Debug|Any CPU
		{EB6A12B4-31E7-4D8A-92C9-EC246CDC37BD}.Release|Any CPU.ActiveCfg = Release|Any CPU
		{EB6A12B4-31E7-4D8A-92C9-EC246CDC37BD}.Release|Any CPU.Build.0 = Release|Any CPU
		{5EC90FFE-6C46-425A-A20B-79A329776C99}.Debug|Any CPU.ActiveCfg = Debug|Any CPU
		{5EC90FFE-6C46-425A-A20B-79A329776C99}.Debug|Any CPU.Build.0 = Debug|Any CPU
		{5EC90FFE-6C46-425A-A20B-79A329776C99}.Release|Any CPU.ActiveCfg = Release|Any CPU
		{5EC90FFE-6C46-425A-A20B-79A329776C99}.Release|Any CPU.Build.0 = Release|Any CPU
	EndGlobalSection
	GlobalSection(SolutionProperties) = preSolution
		HideSolutionNode = FALSE
	EndGlobalSection
	GlobalSection(NestedProjects) = preSolution
		{EB6A12B4-31E7-4D8A-92C9-EC246CDC37BD} = {6FFA70A5-D043-4277-90A4-F8B0CC4F140D}
		{5EC90FFE-6C46-425A-A20B-79A329776C99} = {6FFA70A5-D043-4277-90A4-F8B0CC4F140D}
	EndGlobalSection
EndGlobal
